
Microsoft Visual Studio Solution File, Format Version 11.00
# Visual Studio 2010
Project("{8BC9CEB8-8B4A-11D0-8D11-00A0C91BC942}") = "TS_UI", "TS_UI\TS_UI.vcxproj", "{C8DCBD7A-3528-415A-A6BD-574C33B7FD3E}"
EndProject
Global
	GlobalSection(SolutionConfigurationPlatforms) = preSolution
		Debug|Win32 = Debug|Win32
		Release|Win32 = Release|Win32
	EndGlobalSection
	GlobalSection(ProjectConfigurationPlatforms) = postSolution
		{C8DCBD7A-3528-415A-A6BD-574C33B7FD3E}.Debug|Win32.ActiveCfg = Debug|Win32
		{C8DCBD7A-3528-415A-A6BD-574C33B7FD3E}.Debug|Win32.Build.0 = Debug|Win32
		{C8DCBD7A-3528-415A-A6BD-574C33B7FD3E}.Release|Win32.ActiveCfg = Release|Win32
		{C8DCBD7A-3528-415A-A6BD-574C33B7FD3E}.Release|Win32.Build.0 = Release|Win32
	EndGlobalSection
	GlobalSection(SolutionProperties) = preSolution
		HideSolutionNode = FALSE
	EndGlobalSection
EndGlobal
